Microsoft Visual Studio Solution File, Format Version 11.00
# Visual Studio 2008

Project("{86FBC3E4-0DE0-5FE3-1556-A3FB9B229CEB}") = "Rufio", "Assembly-CSharp-firstpass.csproj", "{A0AD4306-15C2-47FF-4C05-53EC2ECC2398}"
EndProject
Project("{86FBC3E4-0DE0-5FE3-1556-A3FB9B229CEB}") = "Rufio", "Assembly-CSharp.csproj", "{F9A67601-9A26-B21C-E214-FCCAF441253A}"
EndProject
Project("{86FBC3E4-0DE0-5FE3-1556-A3FB9B229CEB}") = "Rufio", "Assembly-CSharp-Editor.csproj", "{37FB4DBB-E403-D773-37B6-5581F1DF44FB}"
EndProject
Global
	GlobalSection(SolutionConfigurationPlatforms) = preSolution
		Debug|Any CPU = Debug|Any CPU
		Release|Any CPU = Release|Any CPU
	EndGlobalSection
	GlobalSection(ProjectConfigurationPlatforms) = postSolution
		{A0AD4306-15C2-47FF-4C05-53EC2ECC2398}.Debug|Any CPU.ActiveCfg = Debug|Any CPU
		{A0AD4306-15C2-47FF-4C05-53EC2ECC2398}.Debug|Any CPU.Build.0 = Debug|Any CPU
		{A0AD4306-15C2-47FF-4C05-53EC2ECC2398}.Release|Any CPU.ActiveCfg = Release|Any CPU
		{A0AD4306-15C2-47FF-4C05-53EC2ECC2398}.Release|Any CPU.Build.0 = Release|Any CPU
		{F9A67601-9A26-B21C-E214-FCCAF441253A}.Debug|Any CPU.ActiveCfg = Debug|Any CPU
		{F9A67601-9A26-B21C-E214-FCCAF441253A}.Debug|Any CPU.Build.0 = Debug|Any CPU
		{F9A67601-9A26-B21C-E214-FCCAF441253A}.Release|Any CPU.ActiveCfg = Release|Any CPU
		{F9A67601-9A26-B21C-E214-FCCAF441253A}.Release|Any CPU.Build.0 = Release|Any CPU
		{37FB4DBB-E403-D773-37B6-5581F1DF44FB}.Debug|Any CPU.ActiveCfg = Debug|Any CPU
		{37FB4DBB-E403-D773-37B6-5581F1DF44FB}.Debug|Any CPU.Build.0 = Debug|Any CPU
		{37FB4DBB-E403-D773-37B6-5581F1DF44FB}.Release|Any CPU.ActiveCfg = Release|Any CPU
		{37FB4DBB-E403-D773-37B6-5581F1DF44FB}.Release|Any CPU.Build.0 = Release|Any CPU
	EndGlobalSection
	GlobalSection(SolutionProperties) = preSolution
		HideSolutionNode = FALSE
	EndGlobalSection
	GlobalSection(MonoDevelopProperties) = preSolution
		StartupItem = Assembly-CSharp.csproj
	EndGlobalSection
EndGlobal
