
Microsoft Visual Studio Solution File, Format Version 12.00
# Visual Studio 2015
Project("{FAE04EC0-301F-11D3-BF4B-00C04F79EFBC}") = "SummerProject.CSharp.Plugins", "SummerProject.CSharp.Plugins.csproj", "{F52DB1A3-93EE-2526-F503-297E2FC2683A}"
EndProject
Project("{FAE04EC0-301F-11D3-BF4B-00C04F79EFBC}") = "SummerProject.CSharp", "SummerProject.CSharp.csproj", "{BC1B0D1C-C8E8-B216-275F-3931A50B22F0}"
EndProject
Project("{FAE04EC0-301F-11D3-BF4B-00C04F79EFBC}") = "SummerProject.CSharp.Editor", "SummerProject.CSharp.Editor.csproj", "{F3F61F7C-B70E-D5CB-F9E4-FF57C384A3F4}"
EndProject
Global
	GlobalSection(SolutionConfigurationPlatforms) = preSolution
		Debug|Any CPU = Debug|Any CPU
		Release|Any CPU = Release|Any CPU
	EndGlobalSection
	GlobalSection(ProjectConfigurationPlatforms) = postSolution
		{F52DB1A3-93EE-2526-F503-297E2FC2683A}.Debug|Any CPU.ActiveCfg = Debug|Any CPU
		{F52DB1A3-93EE-2526-F503-297E2FC2683A}.Debug|Any CPU.Build.0 = Debug|Any CPU
		{F52DB1A3-93EE-2526-F503-297E2FC2683A}.Release|Any CPU.ActiveCfg = Release|Any CPU
		{F52DB1A3-93EE-2526-F503-297E2FC2683A}.Release|Any CPU.Build.0 = Release|Any CPU
		{BC1B0D1C-C8E8-B216-275F-3931A50B22F0}.Debug|Any CPU.ActiveCfg = Debug|Any CPU
		{BC1B0D1C-C8E8-B216-275F-3931A50B22F0}.Debug|Any CPU.Build.0 = Debug|Any CPU
		{BC1B0D1C-C8E8-B216-275F-3931A50B22F0}.Release|Any CPU.ActiveCfg = Release|Any CPU
		{BC1B0D1C-C8E8-B216-275F-3931A50B22F0}.Release|Any CPU.Build.0 = Release|Any CPU
		{F3F61F7C-B70E-D5CB-F9E4-FF57C384A3F4}.Debug|Any CPU.ActiveCfg = Debug|Any CPU
		{F3F61F7C-B70E-D5CB-F9E4-FF57C384A3F4}.Debug|Any CPU.Build.0 = Debug|Any CPU
		{F3F61F7C-B70E-D5CB-F9E4-FF57C384A3F4}.Release|Any CPU.ActiveCfg = Release|Any CPU
		{F3F61F7C-B70E-D5CB-F9E4-FF57C384A3F4}.Release|Any CPU.Build.0 = Release|Any CPU
	EndGlobalSection
	GlobalSection(SolutionProperties) = preSolution
		HideSolutionNode = FALSE
	EndGlobalSection
EndGlobal
